
Microsoft Visual Studio Solution File, Format Version 12.00
# Visual Studio 15
VisualStudioVersion = 15.0.27130.2027
MinimumVisualStudioVersion = 10.0.40219.1
Project("{FAE04EC0-301F-11D3-BF4B-00C04F79EFBC}") = "NotifixApp", "NotifixApp\NotifixApp.csproj", "{AE3854EB-6B1E-49B1-B6A0-D81C32CB4644}"
EndProject
Global
	GlobalSection(SolutionConfigurationPlatforms) = preSolution
		Debug|Any CPU = Debug|Any CPU
		Release|Any CPU = Release|Any CPU
	EndGlobalSection
	GlobalSection(ProjectConfigurationPlatforms) = postSolution
		{AE3854EB-6B1E-49B1-B6A0-D81C32CB4644}.Debug|Any CPU.ActiveCfg = Debug|Any CPU
		{AE3854EB-6B1E-49B1-B6A0-D81C32CB4644}.Debug|Any CPU.Build.0 = Debug|Any CPU
		{AE3854EB-6B1E-49B1-B6A0-D81C32CB4644}.Release|Any CPU.ActiveCfg = Release|Any CPU
		{AE3854EB-6B1E-49B1-B6A0-D81C32CB4644}.Release|Any CPU.Build.0 = Release|Any CPU
	EndGlobalSection
	GlobalSection(SolutionProperties) = preSolution
		HideSolutionNode = FALSE
	EndGlobalSection
	GlobalSection(ExtensibilityGlobals) = postSolution
		SolutionGuid = {C342541D-4987-44DE-AA6B-56546D2ABAC4}
	EndGlobalSection
EndGlobal
